// !$*UTF8*$!
{
	archiveVersion = 1;
	classes = {
	};
	objectVersion = 56;
	objects = {

/* Begin PBXBuildFile section */
		DF1883C02ABD00C200935937 /* NewHighlightView.swift in Sources */ = {isa = PBXBuildFile; fileRef = DF1883BF2ABD00C200935937 /* NewHighlightView.swift */; };
		DF1883C82ABD07E900935937 /* ShareViewController.swift in Sources */ = {isa = PBXBuildFile; fileRef = DF1883C72ABD07E900935937 /* ShareViewController.swift */; };
		DF1883CB2ABD07E900935937 /* MainInterface.storyboard in Resources */ = {isa = PBXBuildFile; fileRef = DF1883C92ABD07E900935937 /* MainInterface.storyboard */; };
		DF225EF82ABCF303008D0FBB /* HighlighterApp.swift in Sources */ = {isa = PBXBuildFile; fileRef = DF225EF72ABCF303008D0FBB /* HighlighterApp.swift */; };
		DF225EFA2ABCF303008D0FBB /* HighlightsView.swift in Sources */ = {isa = PBXBuildFile; fileRef = DF225EF92ABCF303008D0FBB /* HighlightsView.swift */; };
		DF225EFC2ABCF304008D0FBB /* Assets.xcassets in Resources */ = {isa = PBXBuildFile; fileRef = DF225EFB2ABCF304008D0FBB /* Assets.xcassets */; };
		DF225EFF2ABCF304008D0FBB /* Preview Assets.xcassets in Resources */ = {isa = PBXBuildFile; fileRef = DF225EFE2ABCF304008D0FBB /* Preview Assets.xcassets */; };
		DF225F0A2ABCF3F2008D0FBB /* PreviewContainer.swift in Sources */ = {isa = PBXBuildFile; fileRef = DF225F092ABCF3F2008D0FBB /* PreviewContainer.swift */; };
		DF225F0C2ABCF660008D0FBB /* EditHighlightView.swift in Sources */ = {isa = PBXBuildFile; fileRef = DF225F0B2ABCF660008D0FBB /* EditHighlightView.swift */; };
		DF6AD8E72ABDF9E100B8DA0A /* Highlight.swift in Sources */ = {isa = PBXBuildFile; fileRef = DF6AD8E62ABDF9E100B8DA0A /* Highlight.swift */; };
		DF7097F22AC7C355009BD691 /* Theme.swift in Sources */ = {isa = PBXBuildFile; fileRef = DF7097F12AC7C355009BD691 /* Theme.swift */; };
		DF7097F42AC7C9AE009BD691 /* ThemeView.swift in Sources */ = {isa = PBXBuildFile; fileRef = DF7097F32AC7C9AE009BD691 /* ThemeView.swift */; };
		DF7097F62AC7CA4C009BD691 /* ThemePicker.swift in Sources */ = {isa = PBXBuildFile; fileRef = DF7097F52AC7CA4C009BD691 /* ThemePicker.swift */; };
		DF7097F82AC7D04B009BD691 /* HighlightCardView.swift in Sources */ = {isa = PBXBuildFile; fileRef = DF7097F72AC7D04B009BD691 /* HighlightCardView.swift */; };
		DF7097FA2AC7D117009BD691 /* LabelCardView.swift in Sources */ = {isa = PBXBuildFile; fileRef = DF7097F92AC7D117009BD691 /* LabelCardView.swift */; };
		DF7097FC2AC7D927009BD691 /* NavigationView.swift in Sources */ = {isa = PBXBuildFile; fileRef = DF7097FB2AC7D927009BD691 /* NavigationView.swift */; };
		DF7097FE2AC7EEC4009BD691 /* LabelsView.swift in Sources */ = {isa = PBXBuildFile; fileRef = DF7097FD2AC7EEC4009BD691 /* LabelsView.swift */; };
		DFA957782ABDEEB700B13F7D /* Label.swift in Sources */ = {isa = PBXBuildFile; fileRef = DFA957772ABDEEB700B13F7D /* Label.swift */; };
		DFA9577B2ABDF49900B13F7D /* HighlighterShareExtension.appex in Embed Foundation Extensions */ = {isa = PBXBuildFile; fileRef = DF1883C52ABD07E900935937 /* HighlighterShareExtension.appex */; settings = {ATTRIBUTES = (RemoveHeadersOnCopy, ); }; };
		DFEF51A32AC4E463009D01DD /* HighlightStore.swift in Sources */ = {isa = PBXBuildFile; fileRef = DFEF51A22AC4E463009D01DD /* HighlightStore.swift */; };
		DFFBAE562AD1136100BA9E07 /* AddLabel.swift in Sources */ = {isa = PBXBuildFile; fileRef = DFFBAE552AD1136100BA9E07 /* AddLabel.swift */; };
/* End PBXBuildFile section */

/* Begin PBXContainerItemProxy section */
		DFA957792ABDF46B00B13F7D /* PBXContainerItemProxy */ = {
			isa = PBXContainerItemProxy;
			containerPortal = DF225EEC2ABCF303008D0FBB /* Project object */;
			proxyType = 1;
			remoteGlobalIDString = DF1883C42ABD07E900935937;
			remoteInfo = HighlighterShareExtension;
		};
/* End PBXContainerItemProxy section */

/* Begin PBXCopyFilesBuildPhase section */
		DF1883D32ABD07E900935937 /* Embed Foundation Extensions */ = {
			isa = PBXCopyFilesBuildPhase;
			buildActionMask = 2147483647;
			dstPath = "";
			dstSubfolderSpec = 13;
			files = (
				DFA9577B2ABDF49900B13F7D /* HighlighterShareExtension.appex in Embed Foundation Extensions */,
			);
			name = "Embed Foundation Extensions";
			runOnlyForDeploymentPostprocessing = 0;
		};
/* End PBXCopyFilesBuildPhase section */

/* Begin PBXFileReference section */
		DF1883BF2ABD00C200935937 /* NewHighlightView.swift */ = {isa = PBXFileReference; lastKnownFileType = sourcecode.swift; path = NewHighlightView.swift; sourceTree = "<group>"; };
		DF1883C52ABD07E900935937 /* HighlighterShareExtension.appex */ = {isa = PBXFileReference; explicitFileType = "wrapper.app-extension"; includeInIndex = 0; path = HighlighterShareExtension.appex; sourceTree = BUILT_PRODUCTS_DIR; };
		DF1883C72ABD07E900935937 /* ShareViewController.swift */ = {isa = PBXFileReference; lastKnownFileType = sourcecode.swift; path = ShareViewController.swift; sourceTree = "<group>"; };
		DF1883CA2ABD07E900935937 /* Base */ = {isa = PBXFileReference; lastKnownFileType = file.storyboard; name = Base; path = Base.lproj/MainInterface.storyboard; sourceTree = "<group>"; };
		DF1883CC2ABD07E900935937 /* Info.plist */ = {isa = PBXFileReference; lastKnownFileType = text.plist.xml; path = Info.plist; sourceTree = "<group>"; };
		DF1883D42ABD127400935937 /* Highlighter.entitlements */ = {isa = PBXFileReference; lastKnownFileType = text.plist.entitlements; path = Highlighter.entitlements; sourceTree = "<group>"; };
		DF1883D52ABD179C00935937 /* HighlighterShareExtension.entitlements */ = {isa = PBXFileReference; lastKnownFileType = text.plist.entitlements; path = HighlighterShareExtension.entitlements; sourceTree = "<group>"; };
		DF225EF42ABCF303008D0FBB /* Highlighter.app */ = {isa = PBXFileReference; explicitFileType = wrapper.application; includeInIndex = 0; path = Highlighter.app; sourceTree = BUILT_PRODUCTS_DIR; };
		DF225EF72ABCF303008D0FBB /* HighlighterApp.swift */ = {isa = PBXFileReference; lastKnownFileType = sourcecode.swift; path = HighlighterApp.swift; sourceTree = "<group>"; };
		DF225EF92ABCF303008D0FBB /* HighlightsView.swift */ = {isa = PBXFileReference; lastKnownFileType = sourcecode.swift; path = HighlightsView.swift; sourceTree = "<group>"; };
		DF225EFB2ABCF304008D0FBB /* Assets.xcassets */ = {isa = PBXFileReference; lastKnownFileType = folder.assetcatalog; path = Assets.xcassets; sourceTree = "<group>"; };
		DF225EFE2ABCF304008D0FBB /* Preview Assets.xcassets */ = {isa = PBXFileReference; lastKnownFileType = folder.assetcatalog; path = "Preview Assets.xcassets"; sourceTree = "<group>"; };
		DF225F092ABCF3F2008D0FBB /* PreviewContainer.swift */ = {isa = PBXFileReference; lastKnownFileType = sourcecode.swift; path = PreviewContainer.swift; sourceTree = "<group>"; };
		DF225F0B2ABCF660008D0FBB /* EditHighlightView.swift */ = {isa = PBXFileReference; lastKnownFileType = sourcecode.swift; path = EditHighlightView.swift; sourceTree = "<group>"; };
		DF6AD8E62ABDF9E100B8DA0A /* Highlight.swift */ = {isa = PBXFileReference; lastKnownFileType = sourcecode.swift; path = Highlight.swift; sourceTree = "<group>"; };
		DF7097F12AC7C355009BD691 /* Theme.swift */ = {isa = PBXFileReference; lastKnownFileType = sourcecode.swift; path = Theme.swift; sourceTree = "<group>"; };
		DF7097F32AC7C9AE009BD691 /* ThemeView.swift */ = {isa = PBXFileReference; lastKnownFileType = sourcecode.swift; path = ThemeView.swift; sourceTree = "<group>"; };
		DF7097F52AC7CA4C009BD691 /* ThemePicker.swift */ = {isa = PBXFileReference; fileEncoding = 4; lastKnownFileType = sourcecode.swift; path = ThemePicker.swift; sourceTree = "<group>"; };
		DF7097F72AC7D04B009BD691 /* HighlightCardView.swift */ = {isa = PBXFileReference; lastKnownFileType = sourcecode.swift; path = HighlightCardView.swift; sourceTree = "<group>"; };
		DF7097F92AC7D117009BD691 /* LabelCardView.swift */ = {isa = PBXFileReference; lastKnownFileType = sourcecode.swift; path = LabelCardView.swift; sourceTree = "<group>"; };
		DF7097FB2AC7D927009BD691 /* NavigationView.swift */ = {isa = PBXFileReference; lastKnownFileType = sourcecode.swift; path = NavigationView.swift; sourceTree = "<group>"; };
		DF7097FD2AC7EEC4009BD691 /* LabelsView.swift */ = {isa = PBXFileReference; lastKnownFileType = sourcecode.swift; path = LabelsView.swift; sourceTree = "<group>"; };
		DFA957772ABDEEB700B13F7D /* Label.swift */ = {isa = PBXFileReference; lastKnownFileType = sourcecode.swift; path = Label.swift; sourceTree = "<group>"; };
		DFD083B62ABDC5DA00454815 /* Model.xcdatamodel */ = {isa = PBXFileReference; lastKnownFileType = wrapper.xcdatamodel; path = Model.xcdatamodel; sourceTree = "<group>"; };
		DFEF51A22AC4E463009D01DD /* HighlightStore.swift */ = {isa = PBXFileReference; lastKnownFileType = sourcecode.swift; path = HighlightStore.swift; sourceTree = "<group>"; };
		DFFBAE552AD1136100BA9E07 /* AddLabel.swift */ = {isa = PBXFileReference; lastKnownFileType = sourcecode.swift; path = AddLabel.swift; sourceTree = "<group>"; };
/* End PBXFileReference section */

/* Begin PBXFrameworksBuildPhase section */
		DF1883C22ABD07E900935937 /* Frameworks */ = {
			isa = PBXFrameworksBuildPhase;
			buildActionMask = 2147483647;
			files = (
			);
			runOnlyForDeploymentPostprocessing = 0;
		};
		DF225EF12ABCF303008D0FBB /* Frameworks */ = {
			isa = PBXFrameworksBuildPhase;
			buildActionMask = 2147483647;
			files = (
			);
			runOnlyForDeploymentPostprocessing = 0;
		};
/* End PBXFrameworksBuildPhase section */

/* Begin PBXGroup section */
		DF1883C62ABD07E900935937 /* HighlighterShareExtension */ = {
			isa = PBXGroup;
			children = (
				DF1883D52ABD179C00935937 /* HighlighterShareExtension.entitlements */,
				DF1883C72ABD07E900935937 /* ShareViewController.swift */,
				DF1883C92ABD07E900935937 /* MainInterface.storyboard */,
				DF1883CC2ABD07E900935937 /* Info.plist */,
			);
			path = HighlighterShareExtension;
			sourceTree = "<group>";
		};
		DF225EEB2ABCF303008D0FBB = {
			isa = PBXGroup;
			children = (
				DFD083B52ABDC5DA00454815 /* Model.xcdatamodeld */,
				DF225EF62ABCF303008D0FBB /* Highlighter */,
				DF1883C62ABD07E900935937 /* HighlighterShareExtension */,
				DF225EF52ABCF303008D0FBB /* Products */,
			);
			sourceTree = "<group>";
		};
		DF225EF52ABCF303008D0FBB /* Products */ = {
			isa = PBXGroup;
			children = (
				DF225EF42ABCF303008D0FBB /* Highlighter.app */,
				DF1883C52ABD07E900935937 /* HighlighterShareExtension.appex */,
			);
			name = Products;
			sourceTree = "<group>";
		};
		DF225EF62ABCF303008D0FBB /* Highlighter */ = {
			isa = PBXGroup;
			children = (
				DF1883D42ABD127400935937 /* Highlighter.entitlements */,
				DF225F062ABCF341008D0FBB /* Views */,
				DF225F052ABCF33D008D0FBB /* Models */,
				DF225EF72ABCF303008D0FBB /* HighlighterApp.swift */,
				DF225EFB2ABCF304008D0FBB /* Assets.xcassets */,
				DF225EFD2ABCF304008D0FBB /* Preview Content */,
			);
			path = Highlighter;
			sourceTree = "<group>";
		};
		DF225EFD2ABCF304008D0FBB /* Preview Content */ = {
			isa = PBXGroup;
			children = (
				DF225EFE2ABCF304008D0FBB /* Preview Assets.xcassets */,
			);
			path = "Preview Content";
			sourceTree = "<group>";
		};
		DF225F052ABCF33D008D0FBB /* Models */ = {
			isa = PBXGroup;
			children = (
				DF7097F12AC7C355009BD691 /* Theme.swift */,
				DF225F092ABCF3F2008D0FBB /* PreviewContainer.swift */,
				DFA957772ABDEEB700B13F7D /* Label.swift */,
				DF6AD8E62ABDF9E100B8DA0A /* Highlight.swift */,
				DFEF51A22AC4E463009D01DD /* HighlightStore.swift */,
			);
			path = Models;
			sourceTree = "<group>";
		};
		DF225F062ABCF341008D0FBB /* Views */ = {
			isa = PBXGroup;
			children = (
				DF225EF92ABCF303008D0FBB /* HighlightsView.swift */,
				DF225F0B2ABCF660008D0FBB /* EditHighlightView.swift */,
				DF7097F52AC7CA4C009BD691 /* ThemePicker.swift */,
				DF1883BF2ABD00C200935937 /* NewHighlightView.swift */,
				DF7097F32AC7C9AE009BD691 /* ThemeView.swift */,
				DF7097F72AC7D04B009BD691 /* HighlightCardView.swift */,
				DF7097F92AC7D117009BD691 /* LabelCardView.swift */,
				DF7097FB2AC7D927009BD691 /* NavigationView.swift */,
				DF7097FD2AC7EEC4009BD691 /* LabelsView.swift */,
				DFFBAE552AD1136100BA9E07 /* AddLabel.swift */,
			);
			path = Views;
			sourceTree = "<group>";
		};
/* End PBXGroup section */

/* Begin PBXNativeTarget section */
		DF1883C42ABD07E900935937 /* HighlighterShareExtension */ = {
			isa = PBXNativeTarget;
			buildConfigurationList = DF1883D02ABD07E900935937 /* Build configuration list for PBXNativeTarget "HighlighterShareExtension" */;
			buildPhases = (
				DF1883C12ABD07E900935937 /* Sources */,
				DF1883C22ABD07E900935937 /* Frameworks */,
				DF1883C32ABD07E900935937 /* Resources */,
			);
			buildRules = (
			);
			dependencies = (
			);
			name = HighlighterShareExtension;
			productName = HighlighterShareExtension;
			productReference = DF1883C52ABD07E900935937 /* HighlighterShareExtension.appex */;
			productType = "com.apple.product-type.app-extension";
		};
		DF225EF32ABCF303008D0FBB /* Highlighter */ = {
			isa = PBXNativeTarget;
			buildConfigurationList = DF225F022ABCF304008D0FBB /* Build configuration list for PBXNativeTarget "Highlighter" */;
			buildPhases = (
				DF225EF02ABCF303008D0FBB /* Sources */,
				DF225EF12ABCF303008D0FBB /* Frameworks */,
				DF225EF22ABCF303008D0FBB /* Resources */,
				DF1883D32ABD07E900935937 /* Embed Foundation Extensions */,
			);
			buildRules = (
			);
			dependencies = (
				DFA9577A2ABDF46B00B13F7D /* PBXTargetDependency */,
			);
			name = Highlighter;
			productName = Highlighter;
			productReference = DF225EF42ABCF303008D0FBB /* Highlighter.app */;
			productType = "com.apple.product-type.application";
		};
/* End PBXNativeTarget section */

/* Begin PBXProject section */
		DF225EEC2ABCF303008D0FBB /* Project object */ = {
			isa = PBXProject;
			attributes = {
				BuildIndependentTargetsInParallel = 1;
				LastSwiftUpdateCheck = 1500;
				LastUpgradeCheck = 1500;
				TargetAttributes = {
					DF1883C42ABD07E900935937 = {
						CreatedOnToolsVersion = 15.0;
					};
					DF225EF32ABCF303008D0FBB = {
						CreatedOnToolsVersion = 15.0;
					};
				};
			};
			buildConfigurationList = DF225EEF2ABCF303008D0FBB /* Build configuration list for PBXProject "Highlighter" */;
			compatibilityVersion = "Xcode 14.0";
			developmentRegion = en;
			hasScannedForEncodings = 0;
			knownRegions = (
				en,
				Base,
			);
			mainGroup = DF225EEB2ABCF303008D0FBB;
			productRefGroup = DF225EF52ABCF303008D0FBB /* Products */;
			projectDirPath = "";
			projectRoot = "";
			targets = (
				DF225EF32ABCF303008D0FBB /* Highlighter */,
				DF1883C42ABD07E900935937 /* HighlighterShareExtension */,
			);
		};
/* End PBXProject section */

/* Begin PBXResourcesBuildPhase section */
		DF1883C32ABD07E900935937 /* Resources */ = {
			isa = PBXResourcesBuildPhase;
			buildActionMask = 2147483647;
			files = (
				DF1883CB2ABD07E900935937 /* MainInterface.storyboard in Resources */,
			);
			runOnlyForDeploymentPostprocessing = 0;
		};
		DF225EF22ABCF303008D0FBB /* Resources */ = {
			isa = PBXResourcesBuildPhase;
			buildActionMask = 2147483647;
			files = (
				DF225EFF2ABCF304008D0FBB /* Preview Assets.xcassets in Resources */,
				DF225EFC2ABCF304008D0FBB /* Assets.xcassets in Resources */,
			);
			runOnlyForDeploymentPostprocessing = 0;
		};
/* End PBXResourcesBuildPhase section */

/* Begin PBXSourcesBuildPhase section */
		DF1883C12ABD07E900935937 /* Sources */ = {
			isa = PBXSourcesBuildPhase;
			buildActionMask = 2147483647;
			files = (
				DF1883C82ABD07E900935937 /* ShareViewController.swift in Sources */,
			);
			runOnlyForDeploymentPostprocessing = 0;
		};
		DF225EF02ABCF303008D0FBB /* Sources */ = {
			isa = PBXSourcesBuildPhase;
			buildActionMask = 2147483647;
			files = (
				DF7097FC2AC7D927009BD691 /* NavigationView.swift in Sources */,
				DF7097F62AC7CA4C009BD691 /* ThemePicker.swift in Sources */,
				DFFBAE562AD1136100BA9E07 /* AddLabel.swift in Sources */,
				DF7097F22AC7C355009BD691 /* Theme.swift in Sources */,
				DF225EFA2ABCF303008D0FBB /* HighlightsView.swift in Sources */,
				DF225F0C2ABCF660008D0FBB /* EditHighlightView.swift in Sources */,
				DF6AD8E72ABDF9E100B8DA0A /* Highlight.swift in Sources */,
				DF225F0A2ABCF3F2008D0FBB /* PreviewContainer.swift in Sources */,
				DFEF51A32AC4E463009D01DD /* HighlightStore.swift in Sources */,
				DF1883C02ABD00C200935937 /* NewHighlightView.swift in Sources */,
				DFA957782ABDEEB700B13F7D /* Label.swift in Sources */,
				DF7097FA2AC7D117009BD691 /* LabelCardView.swift in Sources */,
				DF7097F42AC7C9AE009BD691 /* ThemeView.swift in Sources */,
				DF225EF82ABCF303008D0FBB /* HighlighterApp.swift in Sources */,
				DF7097FE2AC7EEC4009BD691 /* LabelsView.swift in Sources */,
				DF7097F82AC7D04B009BD691 /* HighlightCardView.swift in Sources */,
			);
			runOnlyForDeploymentPostprocessing = 0;
		};
/* End PBXSourcesBuildPhase section */

/* Begin PBXTargetDependency section */
		DFA9577A2ABDF46B00B13F7D /* PBXTargetDependency */ = {
			isa = PBXTargetDependency;
			target = DF1883C42ABD07E900935937 /* HighlighterShareExtension */;
			targetProxy = DFA957792ABDF46B00B13F7D /* PBXContainerItemProxy */;
		};
/* End PBXTargetDependency section */

/* Begin PBXVariantGroup section */
		DF1883C92ABD07E900935937 /* MainInterface.storyboard */ = {
			isa = PBXVariantGroup;
			children = (
				DF1883CA2ABD07E900935937 /* Base */,
			);
			name = MainInterface.storyboard;
			sourceTree = "<group>";
		};
/* End PBXVariantGroup section */

/* Begin XCBuildConfiguration section */
		DF1883D12ABD07E900935937 /* Debug */ = {
			isa = XCBuildConfiguration;
			buildSettings = {
				CODE_SIGN_ENTITLEMENTS = HighlighterShareExtension/HighlighterShareExtension.entitlements;
				CODE_SIGN_STYLE = Automatic;
				CURRENT_PROJECT_VERSION = 1;
				DEVELOPMENT_TEAM = KYNHM628PH;
				GENERATE_INFOPLIST_FILE = YES;
				INFOPLIST_FILE = HighlighterShareExtension/Info.plist;
				INFOPLIST_KEY_CFBundleDisplayName = HighlighterShareExtension;
				INFOPLIST_KEY_NSHumanReadableCopyright = "";
				LD_RUNPATH_SEARCH_PATHS = (
					"$(inherited)",
					"@executable_path/Frameworks",
					"@executable_path/../../Frameworks",
				);
				MARKETING_VERSION = 1.0;
				PRODUCT_BUNDLE_IDENTIFIER = andy.Highlighter.HighlighterShareExtension;
				PRODUCT_NAME = "$(TARGET_NAME)";
				SKIP_INSTALL = YES;
				SWIFT_EMIT_LOC_STRINGS = YES;
				SWIFT_VERSION = 5.0;
				TARGETED_DEVICE_FAMILY = "1,2";
			};
			name = Debug;
		};
		DF1883D22ABD07E900935937 /* Release */ = {
			isa = XCBuildConfiguration;
			buildSettings = {
				CODE_SIGN_ENTITLEMENTS = HighlighterShareExtension/HighlighterShareExtension.entitlements;
				CODE_SIGN_STYLE = Automatic;
				CURRENT_PROJECT_VERSION = 1;
				DEVELOPMENT_TEAM = KYNHM628PH;
				GENERATE_INFOPLIST_FILE = YES;
				INFOPLIST_FILE = HighlighterShareExtension/Info.plist;
				INFOPLIST_KEY_CFBundleDisplayName = HighlighterShareExtension;
				INFOPLIST_KEY_NSHumanReadableCopyright = "";
				LD_RUNPATH_SEARCH_PATHS = (
					"$(inherited)",
					"@executable_path/Frameworks",
					"@executable_path/../../Frameworks",
				);
				MARKETING_VERSION = 1.0;
				PRODUCT_BUNDLE_IDENTIFIER = andy.Highlighter.HighlighterShareExtension;
				PRODUCT_NAME = "$(TARGET_NAME)";
				SKIP_INSTALL = YES;
				SWIFT_EMIT_LOC_STRINGS = YES;
				SWIFT_VERSION = 5.0;
				TARGETED_DEVICE_FAMILY = "1,2";
			};
			name = Release;
		};
		DF225F002ABCF304008D0FBB /* Debug */ = {
			isa = XCBuildConfiguration;
			buildSettings = {
				ALWAYS_SEARCH_USER_PATHS = NO;
				ASSETCATALOG_COMPILER_GENERATE_SWIFT_ASSET_SYMBOL_EXTENSIONS = YES;
				CLANG_ANALYZER_NONNULL = YES;
				CLANG_ANALYZER_NUMBER_OBJECT_CONVERSION = YES_AGGRESSIVE;
				CLANG_CXX_LANGUAGE_STANDARD = "gnu++20";
				CLANG_ENABLE_MODULES = YES;
				CLANG_ENABLE_OBJC_ARC = YES;
				CLANG_ENABLE_OBJC_WEAK = YES;
				CLANG_WARN_BLOCK_CAPTURE_AUTORELEASING = YES;
				CLANG_WARN_BOOL_CONVERSION = YES;
				CLANG_WARN_COMMA = YES;
				CLANG_WARN_CONSTANT_CONVERSION = YES;
				CLANG_WARN_DEPRECATED_OBJC_IMPLEMENTATIONS = YES;
				CLANG_WARN_DIRECT_OBJC_ISA_USAGE = YES_ERROR;
				CLANG_WARN_DOCUMENTATION_COMMENTS = YES;
				CLANG_WARN_EMPTY_BODY = YES;
				CLANG_WARN_ENUM_CONVERSION = YES;
				CLANG_WARN_INFINITE_RECURSION = YES;
				CLANG_WARN_INT_CONVERSION = YES;
				CLANG_WARN_NON_LITERAL_NULL_CONVERSION = YES;
				CLANG_WARN_OBJC_IMPLICIT_RETAIN_SELF = YES;
				CLANG_WARN_OBJC_LITERAL_CONVERSION = YES;
				CLANG_WARN_OBJC_ROOT_CLASS = YES_ERROR;
				CLANG_WARN_QUOTED_INCLUDE_IN_FRAMEWORK_HEADER = YES;
				CLANG_WARN_RANGE_LOOP_ANALYSIS = YES;
				CLANG_WARN_STRICT_PROTOTYPES = YES;
				CLANG_WARN_SUSPICIOUS_MOVE = YES;
				CLANG_WARN_UNGUARDED_AVAILABILITY = YES_AGGRESSIVE;
				CLANG_WARN_UNREACHABLE_CODE = YES;
				CLANG_WARN__DUPLICATE_METHOD_MATCH = YES;
				COPY_PHASE_STRIP = NO;
				DEBUG_INFORMATION_FORMAT = dwarf;
				ENABLE_STRICT_OBJC_MSGSEND = YES;
				ENABLE_TESTABILITY = YES;
				ENABLE_USER_SCRIPT_SANDBOXING = YES;
				GCC_C_LANGUAGE_STANDARD = gnu17;
				GCC_DYNAMIC_NO_PIC = NO;
				GCC_NO_COMMON_BLOCKS = YES;
				GCC_OPTIMIZATION_LEVEL = 0;
				GCC_PREPROCESSOR_DEFINITIONS = (
					"DEBUG=1",
					"$(inherited)",
				);
				GCC_WARN_64_TO_32_BIT_CONVERSION = YES;
				GCC_WARN_ABOUT_RETURN_TYPE = YES_ERROR;
				GCC_WARN_UNDECLARED_SELECTOR = YES;
				GCC_WARN_UNINITIALIZED_AUTOS = YES_AGGRESSIVE;
				GCC_WARN_UNUSED_FUNCTION = YES;
				GCC_WARN_UNUSED_VARIABLE = YES;
				IPHONEOS_DEPLOYMENT_TARGET = 17.0;
				LOCALIZATION_PREFERS_STRING_CATALOGS = YES;
				MTL_ENABLE_DEBUG_INFO = INCLUDE_SOURCE;
				MTL_FAST_MATH = YES;
				ONLY_ACTIVE_ARCH = YES;
				SDKROOT = iphoneos;
				SWIFT_ACTIVE_COMPILATION_CONDITIONS = "DEBUG $(inherited)";
				SWIFT_OPTIMIZATION_LEVEL = "-Onone";
			};
			name = Debug;
		};
		DF225F012ABCF304008D0FBB /* Release */ = {
			isa = XCBuildConfiguration;
			buildSettings = {
				ALWAYS_SEARCH_USER_PATHS = NO;
				ASSETCATALOG_COMPILER_GENERATE_SWIFT_ASSET_SYMBOL_EXTENSIONS = YES;
				CLANG_ANALYZER_NONNULL = YES;
				CLANG_ANALYZER_NUMBER_OBJECT_CONVERSION = YES_AGGRESSIVE;
				CLANG_CXX_LANGUAGE_STANDARD = "gnu++20";
				CLANG_ENABLE_MODULES = YES;
				CLANG_ENABLE_OBJC_ARC = YES;
				CLANG_ENABLE_OBJC_WEAK = YES;
				CLANG_WARN_BLOCK_CAPTURE_AUTORELEASING = YES;
				CLANG_WARN_BOOL_CONVERSION = YES;
				CLANG_WARN_COMMA = YES;
				CLANG_WARN_CONSTANT_CONVERSION = YES;
				CLANG_WARN_DEPRECATED_OBJC_IMPLEMENTATIONS = YES;
				CLANG_WARN_DIRECT_OBJC_ISA_USAGE = YES_ERROR;
				CLANG_WARN_DOCUMENTATION_COMMENTS = YES;
				CLANG_WARN_EMPTY_BODY = YES;
				CLANG_WARN_ENUM_CONVERSION = YES;
				CLANG_WARN_INFINITE_RECURSION = YES;
				CLANG_WARN_INT_CONVERSION = YES;
				CLANG_WARN_NON_LITERAL_NULL_CONVERSION = YES;
				CLANG_WARN_OBJC_IMPLICIT_RETAIN_SELF = YES;
				CLANG_WARN_OBJC_LITERAL_CONVERSION = YES;
				CLANG_WARN_OBJC_ROOT_CLASS = YES_ERROR;
				CLANG_WARN_QUOTED_INCLUDE_IN_FRAMEWORK_HEADER = YES;
				CLANG_WARN_RANGE_LOOP_ANALYSIS = YES;
				CLANG_WARN_STRICT_PROTOTYPES = YES;
				CLANG_WARN_SUSPICIOUS_MOVE = YES;
				CLANG_WARN_UNGUARDED_AVAILABILITY = YES_AGGRESSIVE;
				CLANG_WARN_UNREACHABLE_CODE = YES;
				CLANG_WARN__DUPLICATE_METHOD_MATCH = YES;
				COPY_PHASE_STRIP = NO;
				DEBUG_INFORMATION_FORMAT = "dwarf-with-dsym";
				ENABLE_NS_ASSERTIONS = NO;
				ENABLE_STRICT_OBJC_MSGSEND = YES;
				ENABLE_USER_SCRIPT_SANDBOXING = YES;
				GCC_C_LANGUAGE_STANDARD = gnu17;
				GCC_NO_COMMON_BLOCKS = YES;
				GCC_WARN_64_TO_32_BIT_CONVERSION = YES;
				GCC_WARN_ABOUT_RETURN_TYPE = YES_ERROR;
				GCC_WARN_UNDECLARED_SELECTOR = YES;
				GCC_WARN_UNINITIALIZED_AUTOS = YES_AGGRESSIVE;
				GCC_WARN_UNUSED_FUNCTION = YES;
				GCC_WARN_UNUSED_VARIABLE = YES;
				IPHONEOS_DEPLOYMENT_TARGET = 17.0;
				LOCALIZATION_PREFERS_STRING_CATALOGS = YES;
				MTL_ENABLE_DEBUG_INFO = NO;
				MTL_FAST_MATH = YES;
				SDKROOT = iphoneos;
				SWIFT_COMPILATION_MODE = wholemodule;
				VALIDATE_PRODUCT = YES;
			};
			name = Release;
		};
		DF225F032ABCF304008D0FBB /* Debug */ = {
			isa = XCBuildConfiguration;
			buildSettings = {
				ALWAYS_EMBED_SWIFT_STANDARD_LIBRARIES = YES;
				ASSETCATALOG_COMPILER_APPICON_NAME = AppIcon;
				ASSETCATALOG_COMPILER_GLOBAL_ACCENT_COLOR_NAME = AccentColor;
				CODE_SIGN_ENTITLEMENTS = Highlighter/Highlighter.entitlements;
				CODE_SIGN_STYLE = Automatic;
				CURRENT_PROJECT_VERSION = 1;
				DEVELOPMENT_ASSET_PATHS = "\"Highlighter/Preview Content\"";
				DEVELOPMENT_TEAM = KYNHM628PH;
				ENABLE_PREVIEWS = YES;
				GENERATE_INFOPLIST_FILE = YES;
				INFOPLIST_KEY_UIApplicationSceneManifest_Generation = YES;
				INFOPLIST_KEY_UIApplicationSupportsIndirectInputEvents = YES;
				INFOPLIST_KEY_UILaunchScreen_Generation = YES;
				INFOPLIST_KEY_UISupportedInterfaceOrientations_iPad = "UIInterfaceOrientationPortrait UIInterfaceOrientationPortraitUpsideDown UIInterfaceOrientationLandscapeLeft UIInterfaceOrientationLandscapeRight";
				INFOPLIST_KEY_UISupportedInterfaceOrientations_iPhone = "UIInterfaceOrientationPortrait UIInterfaceOrientationLandscapeLeft UIInterfaceOrientationLandscapeRight";
				LD_RUNPATH_SEARCH_PATHS = (
					"$(inherited)",
					"@executable_path/Frameworks",
				);
				MARKETING_VERSION = 1.0;
				PRODUCT_BUNDLE_IDENTIFIER = andy.Highlighter;
				PRODUCT_NAME = "$(TARGET_NAME)";
				SWIFT_EMIT_LOC_STRINGS = YES;
				SWIFT_VERSION = 5.0;
				TARGETED_DEVICE_FAMILY = "1,2";
			};
			name = Debug;
		};
		DF225F042ABCF304008D0FBB /* Release */ = {
			isa = XCBuildConfiguration;
			buildSettings = {
				ALWAYS_EMBED_SWIFT_STANDARD_LIBRARIES = YES;
				ASSETCATALOG_COMPILER_APPICON_NAME = AppIcon;
				ASSETCATALOG_COMPILER_GLOBAL_ACCENT_COLOR_NAME = AccentColor;
				CODE_SIGN_ENTITLEMENTS = Highlighter/Highlighter.entitlements;
				CODE_SIGN_STYLE = Automatic;
				CURRENT_PROJECT_VERSION = 1;
				DEVELOPMENT_ASSET_PATHS = "\"Highlighter/Preview Content\"";
				DEVELOPMENT_TEAM = KYNHM628PH;
				ENABLE_PREVIEWS = YES;
				GENERATE_INFOPLIST_FILE = YES;
				INFOPLIST_KEY_UIApplicationSceneManifest_Generation = YES;
				INFOPLIST_KEY_UIApplicationSupportsIndirectInputEvents = YES;
				INFOPLIST_KEY_UILaunchScreen_Generation = YES;
				INFOPLIST_KEY_UISupportedInterfaceOrientations_iPad = "UIInterfaceOrientationPortrait UIInterfaceOrientationPortraitUpsideDown UIInterfaceOrientationLandscapeLeft UIInterfaceOrientationLandscapeRight";
				INFOPLIST_KEY_UISupportedInterfaceOrientations_iPhone = "UIInterfaceOrientationPortrait UIInterfaceOrientationLandscapeLeft UIInterfaceOrientationLandscapeRight";
				LD_RUNPATH_SEARCH_PATHS = (
					"$(inherited)",
					"@executable_path/Frameworks",
				);
				MARKETING_VERSION = 1.0;
				PRODUCT_BUNDLE_IDENTIFIER = andy.Highlighter;
				PRODUCT_NAME = "$(TARGET_NAME)";
				SWIFT_EMIT_LOC_STRINGS = YES;
				SWIFT_VERSION = 5.0;
				TARGETED_DEVICE_FAMILY = "1,2";
			};
			name = Release;
		};
/* End XCBuildConfiguration section */

/* Begin XCConfigurationList section */
		DF1883D02ABD07E900935937 /* Build configuration list for PBXNativeTarget "HighlighterShareExtension" */ = {
			isa = XCConfigurationList;
			buildConfigurations = (
				DF1883D12ABD07E900935937 /* Debug */,
				DF1883D22ABD07E900935937 /* Release */,
			);
			defaultConfigurationIsVisible = 0;
			defaultConfigurationName = Release;
		};
		DF225EEF2ABCF303008D0FBB /* Build configuration list for PBXProject "Highlighter" */ = {
			isa = XCConfigurationList;
			buildConfigurations = (
				DF225F002ABCF304008D0FBB /* Debug */,
				DF225F012ABCF304008D0FBB /* Release */,
			);
			defaultConfigurationIsVisible = 0;
			defaultConfigurationName = Release;
		};
		DF225F022ABCF304008D0FBB /* Build configuration list for PBXNativeTarget "Highlighter" */ = {
			isa = XCConfigurationList;
			buildConfigurations = (
				DF225F032ABCF304008D0FBB /* Debug */,
				DF225F042ABCF304008D0FBB /* Release */,
			);
			defaultConfigurationIsVisible = 0;
			defaultConfigurationName = Release;
		};
/* End XCConfigurationList section */

/* Begin XCVersionGroup section */
		DFD083B52ABDC5DA00454815 /* Model.xcdatamodeld */ = {
			isa = XCVersionGroup;
			children = (
				DFD083B62ABDC5DA00454815 /* Model.xcdatamodel */,
			);
			currentVersion = DFD083B62ABDC5DA00454815 /* Model.xcdatamodel */;
			path = Model.xcdatamodeld;
			sourceTree = "<group>";
			versionGroupType = wrapper.xcdatamodel;
		};
/* End XCVersionGroup section */
	};
	rootObject = DF225EEC2ABCF303008D0FBB /* Project object */;
}
